Microsoft Visual Studio Solution File, Format Version 12.00
# Visual Studio Version 17
VisualStudioVersion = 17.5.2.0
MinimumVisualStudioVersion = 10.0.40219.1
Project("{2150E333-8FDC-42A3-9474-1A3956D46DE8}") = "micro-builds", "micro-builds", "{12F925C2-EAB5-7E34-4FE8-C5DAB834370D}"
EndProject
Project("{2150E333-8FDC-42A3-9474-1A3956D46DE8}") = "2025-12-01", "2025-12-01", "{62439ECF-6D20-A480-D4FC-0DFC6C5F17B9}"
EndProject
Project("{FAE04EC0-301F-11D3-BF4B-00C04F79EFBC}") = "csharp", "micro-builds\2025-12-01\csharp\csharp.csproj", "{F14AC004-61F8-E8CD-826E-804D7AEC2575}"
EndProject
Project("{2150E333-8FDC-42A3-9474-1A3956D46DE8}") = "2025-12-06", "2025-12-06", "{22BDB476-3D39-66EC-AEB2-F18F53837D04}"
EndProject
Project("{FAE04EC0-301F-11D3-BF4B-00C04F79EFBC}") = "csharp", "micro-builds\2025-12-06\csharp\csharp.csproj", "{AD746147-8FD1-C0B2-4187-F0B9B3230817}"
EndProject
Project("{2150E333-8FDC-42A3-9474-1A3956D46DE8}") = "2025-12-07", "2025-12-07", "{EC064D8A-8A1F-C3E5-205C-A6FE333AF91F}"
EndProject
Project("{FAE04EC0-301F-11D3-BF4B-00C04F79EFBC}") = "csharp.tests", "micro-builds\2025-12-07\csharp.tests\csharp.tests.csproj", "{B6A00AAE-2916-CF27-BB00-233A521CE543}"
EndProject
Project("{FAE04EC0-301F-11D3-BF4B-00C04F79EFBC}") = "csharp", "micro-builds\2025-12-07\csharp\csharp.csproj", "{F35460E8-D731-C22D-383F-9BF6FDA7AFA9}"
EndProject
Project("{2150E333-8FDC-42A3-9474-1A3956D46DE8}") = "2025-12-05", "2025-12-05", "{027D1D15-3C2B-7340-2325-8FDE89236FB7}"
EndProject
Project("{FAE04EC0-301F-11D3-BF4B-00C04F79EFBC}") = "2025-12-05", "micro-builds\2025-12-05\csharp\2025-12-05.csproj", "{5E3E9A0F-640F-3D12-BD2C-60B93D5A8515}"
EndProject
Project("{2150E333-8FDC-42A3-9474-1A3956D46DE8}") = "2025-12-02", "2025-12-02", "{FC18A415-941B-93C2-980C-DCF45DB656B3}"
EndProject
Project("{FAE04EC0-301F-11D3-BF4B-00C04F79EFBC}") = "csharp", "micro-builds\2025-12-02\csharp\csharp.csproj", "{B6C966B3-8C12-3FCA-5F84-26A991D9DCB7}"
EndProject
Project("{2150E333-8FDC-42A3-9474-1A3956D46DE8}") = "2025-12-03", "2025-12-03", "{8FC75227-3B53-3707-5373-3D545351534B}"
EndProject
Project("{FAE04EC0-301F-11D3-BF4B-00C04F79EFBC}") = "csharp", "micro-builds\2025-12-03\csharp\csharp.csproj", "{960A0836-9C61-1AF2-4550-FB16397EBD18}"
EndProject
Global
	GlobalSection(SolutionConfigurationPlatforms) = preSolution
		Debug|Any CPU = Debug|Any CPU
		Release|Any CPU = Release|Any CPU
	EndGlobalSection
	GlobalSection(ProjectConfigurationPlatforms) = postSolution
		{F14AC004-61F8-E8CD-826E-804D7AEC2575}.Debug|Any CPU.ActiveCfg = Debug|Any CPU
		{F14AC004-61F8-E8CD-826E-804D7AEC2575}.Debug|Any CPU.Build.0 = Debug|Any CPU
		{F14AC004-61F8-E8CD-826E-804D7AEC2575}.Release|Any CPU.ActiveCfg = Release|Any CPU
		{F14AC004-61F8-E8CD-826E-804D7AEC2575}.Release|Any CPU.Build.0 = Release|Any CPU
		{AD746147-8FD1-C0B2-4187-F0B9B3230817}.Debug|Any CPU.ActiveCfg = Debug|Any CPU
		{AD746147-8FD1-C0B2-4187-F0B9B3230817}.Debug|Any CPU.Build.0 = Debug|Any CPU
		{AD746147-8FD1-C0B2-4187-F0B9B3230817}.Release|Any CPU.ActiveCfg = Release|Any CPU
		{AD746147-8FD1-C0B2-4187-F0B9B3230817}.Release|Any CPU.Build.0 = Release|Any CPU
		{B6A00AAE-2916-CF27-BB00-233A521CE543}.Debug|Any CPU.ActiveCfg = Debug|Any CPU
		{B6A00AAE-2916-CF27-BB00-233A521CE543}.Debug|Any CPU.Build.0 = Debug|Any CPU
		{B6A00AAE-2916-CF27-BB00-233A521CE543}.Release|Any CPU.ActiveCfg = Release|Any CPU
		{B6A00AAE-2916-CF27-BB00-233A521CE543}.Release|Any CPU.Build.0 = Release|Any CPU
		{F35460E8-D731-C22D-383F-9BF6FDA7AFA9}.Debug|Any CPU.ActiveCfg = Debug|Any CPU
		{F35460E8-D731-C22D-383F-9BF6FDA7AFA9}.Debug|Any CPU.Build.0 = Debug|Any CPU
		{F35460E8-D731-C22D-383F-9BF6FDA7AFA9}.Release|Any CPU.ActiveCfg = Release|Any CPU
		{F35460E8-D731-C22D-383F-9BF6FDA7AFA9}.Release|Any CPU.Build.0 = Release|Any CPU
		{5E3E9A0F-640F-3D12-BD2C-60B93D5A8515}.Debug|Any CPU.ActiveCfg = Debug|Any CPU
		{5E3E9A0F-640F-3D12-BD2C-60B93D5A8515}.Debug|Any CPU.Build.0 = Debug|Any CPU
		{5E3E9A0F-640F-3D12-BD2C-60B93D5A8515}.Release|Any CPU.ActiveCfg = Release|Any CPU
		{5E3E9A0F-640F-3D12-BD2C-60B93D5A8515}.Release|Any CPU.Build.0 = Release|Any CPU
		{B6C966B3-8C12-3FCA-5F84-26A991D9DCB7}.Debug|Any CPU.ActiveCfg = Debug|Any CPU
		{B6C966B3-8C12-3FCA-5F84-26A991D9DCB7}.Debug|Any CPU.Build.0 = Debug|Any CPU
		{B6C966B3-8C12-3FCA-5F84-26A991D9DCB7}.Release|Any CPU.ActiveCfg = Release|Any CPU
		{B6C966B3-8C12-3FCA-5F84-26A991D9DCB7}.Release|Any CPU.Build.0 = Release|Any CPU
		{960A0836-9C61-1AF2-4550-FB16397EBD18}.Debug|Any CPU.ActiveCfg = Debug|Any CPU
		{960A0836-9C61-1AF2-4550-FB16397EBD18}.Debug|Any CPU.Build.0 = Debug|Any CPU
		{960A0836-9C61-1AF2-4550-FB16397EBD18}.Release|Any CPU.ActiveCfg = Release|Any CPU
		{960A0836-9C61-1AF2-4550-FB16397EBD18}.Release|Any CPU.Build.0 = Release|Any CPU
	EndGlobalSection
	GlobalSection(SolutionProperties) = preSolution
		HideSolutionNode = FALSE
	EndGlobalSection
	GlobalSection(NestedProjects) = preSolution
		{62439ECF-6D20-A480-D4FC-0DFC6C5F17B9} = {12F925C2-EAB5-7E34-4FE8-C5DAB834370D}
		{F14AC004-61F8-E8CD-826E-804D7AEC2575} = {62439ECF-6D20-A480-D4FC-0DFC6C5F17B9}
		{22BDB476-3D39-66EC-AEB2-F18F53837D04} = {12F925C2-EAB5-7E34-4FE8-C5DAB834370D}
		{AD746147-8FD1-C0B2-4187-F0B9B3230817} = {22BDB476-3D39-66EC-AEB2-F18F53837D04}
		{EC064D8A-8A1F-C3E5-205C-A6FE333AF91F} = {12F925C2-EAB5-7E34-4FE8-C5DAB834370D}
		{B6A00AAE-2916-CF27-BB00-233A521CE543} = {EC064D8A-8A1F-C3E5-205C-A6FE333AF91F}
		{F35460E8-D731-C22D-383F-9BF6FDA7AFA9} = {EC064D8A-8A1F-C3E5-205C-A6FE333AF91F}
		{027D1D15-3C2B-7340-2325-8FDE89236FB7} = {12F925C2-EAB5-7E34-4FE8-C5DAB834370D}
		{5E3E9A0F-640F-3D12-BD2C-60B93D5A8515} = {027D1D15-3C2B-7340-2325-8FDE89236FB7}
		{FC18A415-941B-93C2-980C-DCF45DB656B3} = {12F925C2-EAB5-7E34-4FE8-C5DAB834370D}
		{B6C966B3-8C12-3FCA-5F84-26A991D9DCB7} = {FC18A415-941B-93C2-980C-DCF45DB656B3}
		{8FC75227-3B53-3707-5373-3D545351534B} = {12F925C2-EAB5-7E34-4FE8-C5DAB834370D}
		{960A0836-9C61-1AF2-4550-FB16397EBD18} = {8FC75227-3B53-3707-5373-3D545351534B}
	EndGlobalSection
	GlobalSection(ExtensibilityGlobals) = postSolution
		SolutionGuid = {49D570F7-30AE-4D56-A279-A40271AAC64A}
	EndGlobalSection
EndGlobal
